// !$*UTF8*$!
{
	archiveVersion = 1;
	classes = {
	};
	objectVersion = 46;
	objects = {

/* Begin PBXBuildFile section */
		36CC692A1EBB0F630041ECC8 /* main.m in Sources */ = {isa = PBXBuildFile; fileRef = 36CC69291EBB0F630041ECC8 /* main.m */; };
		36CC692D1EBB0F630041ECC8 /* AppDelegate.m in Sources */ = {isa = PBXBuildFile; fileRef = 36CC692C1EBB0F630041ECC8 /* AppDelegate.m */; };
		36CC69301EBB0F630041ECC8 /* ViewController.m in Sources */ = {isa = PBXBuildFile; fileRef = 36CC692F1EBB0F630041ECC8 /* ViewController.m */; };
		36CC69331EBB0F630041ECC8 /* Main.storyboard in Resources */ = {isa = PBXBuildFile; fileRef = 36CC69311EBB0F630041ECC8 /* Main.storyboard */; };
		36CC69351EBB0F630041ECC8 /* Assets.xcassets in Resources */ = {isa = PBXBuildFile; fileRef = 36CC69341EBB0F630041ECC8 /* Assets.xcassets */; };
		36CC69381EBB0F630041ECC8 /* LaunchScreen.storyboard in Resources */ = {isa = PBXBuildFile; fileRef = 36CC69361EBB0F630041ECC8 /* LaunchScreen.storyboard */; };
		36CC69431EBB0F630041ECC8 /* CategoryTests.m in Sources */ = {isa = PBXBuildFile; fileRef = 36CC69421EBB0F630041ECC8 /* CategoryTests.m */; };
		36CC694E1EBB0F630041ECC8 /* CategoryUITests.m in Sources */ = {isa = PBXBuildFile; fileRef = 36CC694D1EBB0F630041ECC8 /* CategoryUITests.m */; };
/* End PBXBuildFile section */

/* Begin PBXContainerItemProxy section */
		36CC693F1EBB0F630041ECC8 /* PBXContainerItemProxy */ = {
			isa = PBXContainerItemProxy;
			containerPortal = 36CC691D1EBB0F630041ECC8 /* Project object */;
			proxyType = 1;
			remoteGlobalIDString = 36CC69241EBB0F630041ECC8;
			remoteInfo = Category;
		};
		36CC694A1EBB0F630041ECC8 /* PBXContainerItemProxy */ = {
			isa = PBXContainerItemProxy;
			containerPortal = 36CC691D1EBB0F630041ECC8 /* Project object */;
			proxyType = 1;
			remoteGlobalIDString = 36CC69241EBB0F630041ECC8;
			remoteInfo = Category;
		};
/* End PBXContainerItemProxy section */

/* Begin PBXFileReference section */
		36CC69251EBB0F630041ECC8 /* Category.app */ = {isa = PBXFileReference; explicitFileType = wrapper.application; includeInIndex = 0; path = Category.app; sourceTree = BUILT_PRODUCTS_DIR; };
		36CC69291EBB0F630041ECC8 /* main.m */ = {isa = PBXFileReference; lastKnownFileType = sourcecode.c.objc; path = main.m; sourceTree = "<group>"; };
		36CC692B1EBB0F630041ECC8 /* AppDelegate.h */ = {isa = PBXFileReference; lastKnownFileType = sourcecode.c.h; path = AppDelegate.h; sourceTree = "<group>"; };
		36CC692C1EBB0F630041ECC8 /* AppDelegate.m */ = {isa = PBXFileReference; lastKnownFileType = sourcecode.c.objc; path = AppDelegate.m; sourceTree = "<group>"; };
		36CC692E1EBB0F630041ECC8 /* ViewController.h */ = {isa = PBXFileReference; lastKnownFileType = sourcecode.c.h; path = ViewController.h; sourceTree = "<group>"; };
		36CC692F1EBB0F630041ECC8 /* ViewController.m */ = {isa = PBXFileReference; lastKnownFileType = sourcecode.c.objc; path = ViewController.m; sourceTree = "<group>"; };
		36CC69321EBB0F630041ECC8 /* Base */ = {isa = PBXFileReference; lastKnownFileType = file.storyboard; name = Base; path = Base.lproj/Main.storyboard; sourceTree = "<group>"; };
		36CC69341EBB0F630041ECC8 /* Assets.xcassets */ = {isa = PBXFileReference; lastKnownFileType = folder.assetcatalog; path = Assets.xcassets; sourceTree = "<group>"; };
		36CC69371EBB0F630041ECC8 /* Base */ = {isa = PBXFileReference; lastKnownFileType = file.storyboard; name = Base; path = Base.lproj/LaunchScreen.storyboard; sourceTree = "<group>"; };
		36CC69391EBB0F630041ECC8 /* Info.plist */ = {isa = PBXFileReference; lastKnownFileType = text.plist.xml; path = Info.plist; sourceTree = "<group>"; };
		36CC693E1EBB0F630041ECC8 /* CategoryTests.xctest */ = {isa = PBXFileReference; explicitFileType = wrapper.cfbundle; includeInIndex = 0; path = CategoryTests.xctest; sourceTree = BUILT_PRODUCTS_DIR; };
		36CC69421EBB0F630041ECC8 /* CategoryTests.m */ = {isa = PBXFileReference; lastKnownFileType = sourcecode.c.objc; path = CategoryTests.m; sourceTree = "<group>"; };
		36CC69441EBB0F630041ECC8 /* Info.plist */ = {isa = PBXFileReference; lastKnownFileType = text.plist.xml; path = Info.plist; sourceTree = "<group>"; };
		36CC69491EBB0F630041ECC8 /* CategoryUITests.xctest */ = {isa = PBXFileReference; explicitFileType = wrapper.cfbundle; includeInIndex = 0; path = CategoryUITests.xctest; sourceTree = BUILT_PRODUCTS_DIR; };
		36CC694D1EBB0F630041ECC8 /* CategoryUITests.m */ = {isa = PBXFileReference; lastKnownFileType = sourcecode.c.objc; path = CategoryUITests.m; sourceTree = "<group>"; };
		36CC694F1EBB0F630041ECC8 /* Info.plist */ = {isa = PBXFileReference; lastKnownFileType = text.plist.xml; path = Info.plist; sourceTree = "<group>"; };
/* End PBXFileReference section */

/* Begin PBXFrameworksBuildPhase section */
		36CC69221EBB0F630041ECC8 /* Frameworks */ = {
			isa = PBXFrameworksBuildPhase;
			buildActionMask = 2147483647;
			files = (
			);
			runOnlyForDeploymentPostprocessing = 0;
		};
		36CC693B1EBB0F630041ECC8 /* Frameworks */ = {
			isa = PBXFrameworksBuildPhase;
			buildActionMask = 2147483647;
			files = (
			);
			runOnlyForDeploymentPostprocessing = 0;
		};
		36CC69461EBB0F630041ECC8 /* Frameworks */ = {
			isa = PBXFrameworksBuildPhase;
			buildActionMask = 2147483647;
			files = (
			);
			runOnlyForDeploymentPostprocessing = 0;
		};
/* End PBXFrameworksBuildPhase section */

/* Begin PBXGroup section */
		36CC691C1EBB0F630041ECC8 = {
			isa = PBXGroup;
			children = (
				36CC69271EBB0F630041ECC8 /* Category */,
				36CC69411EBB0F630041ECC8 /* CategoryTests */,
				36CC694C1EBB0F630041ECC8 /* CategoryUITests */,
				36CC69261EBB0F630041ECC8 /* Products */,
			);
			sourceTree = "<group>";
		};
		36CC69261EBB0F630041ECC8 /* Products */ = {
			isa = PBXGroup;
			children = (
				36CC69251EBB0F630041ECC8 /* Category.app */,
				36CC693E1EBB0F630041ECC8 /* CategoryTests.xctest */,
				36CC69491EBB0F630041ECC8 /* CategoryUITests.xctest */,
			);
			name = Products;
			sourceTree = "<group>";
		};
		36CC69271EBB0F630041ECC8 /* Category */ = {
			isa = PBXGroup;
			children = (
				36CC692B1EBB0F630041ECC8 /* AppDelegate.h */,
				36CC692C1EBB0F630041ECC8 /* AppDelegate.m */,
				36CC692E1EBB0F630041ECC8 /* ViewController.h */,
				36CC692F1EBB0F630041ECC8 /* ViewController.m */,
				36CC69311EBB0F630041ECC8 /* Main.storyboard */,
				36CC69341EBB0F630041ECC8 /* Assets.xcassets */,
				36CC69361EBB0F630041ECC8 /* LaunchScreen.storyboard */,
				36CC69391EBB0F630041ECC8 /* Info.plist */,
				36CC69281EBB0F630041ECC8 /* Supporting Files */,
			);
			path = Category;
			sourceTree = "<group>";
		};
		36CC69281EBB0F630041ECC8 /* Supporting Files */ = {
			isa = PBXGroup;
			children = (
				36CC69291EBB0F630041ECC8 /* main.m */,
			);
			name = "Supporting Files";
			sourceTree = "<group>";
		};
		36CC69411EBB0F630041ECC8 /* CategoryTests */ = {
			isa = PBXGroup;
			children = (
				36CC69421EBB0F630041ECC8 /* CategoryTests.m */,
				36CC69441EBB0F630041ECC8 /* Info.plist */,
			);
			path = CategoryTests;
			sourceTree = "<group>";
		};
		36CC694C1EBB0F630041ECC8 /* CategoryUITests */ = {
			isa = PBXGroup;
			children = (
				36CC694D1EBB0F630041ECC8 /* CategoryUITests.m */,
				36CC694F1EBB0F630041ECC8 /* Info.plist */,
			);
			path = CategoryUITests;
			sourceTree = "<group>";
		};
/* End PBXGroup section */

/* Begin PBXNativeTarget section */
		36CC69241EBB0F630041ECC8 /* Category */ = {
			isa = PBXNativeTarget;
			buildConfigurationList = 36CC69521EBB0F630041ECC8 /* Build configuration list for PBXNativeTarget "Category" */;
			buildPhases = (
				36CC69211EBB0F630041ECC8 /* Sources */,
				36CC69221EBB0F630041ECC8 /* Frameworks */,
				36CC69231EBB0F630041ECC8 /* Resources */,
			);
			buildRules = (
			);
			dependencies = (
			);
			name = Category;
			productName = Category;
			productReference = 36CC69251EBB0F630041ECC8 /* Category.app */;
			productType = "com.apple.product-type.application";
		};
		36CC693D1EBB0F630041ECC8 /* CategoryTests */ = {
			isa = PBXNativeTarget;
			buildConfigurationList = 36CC69551EBB0F630041ECC8 /* Build configuration list for PBXNativeTarget "CategoryTests" */;
			buildPhases = (
				36CC693A1EBB0F630041ECC8 /* Sources */,
				36CC693B1EBB0F630041ECC8 /* Frameworks */,
				36CC693C1EBB0F630041ECC8 /* Resources */,
			);
			buildRules = (
			);
			dependencies = (
				36CC69401EBB0F630041ECC8 /* PBXTargetDependency */,
			);
			name = CategoryTests;
			productName = CategoryTests;
			productReference = 36CC693E1EBB0F630041ECC8 /* CategoryTests.xctest */;
			productType = "com.apple.product-type.bundle.unit-test";
		};
		36CC69481EBB0F630041ECC8 /* CategoryUITests */ = {
			isa = PBXNativeTarget;
			buildConfigurationList = 36CC69581EBB0F630041ECC8 /* Build configuration list for PBXNativeTarget "CategoryUITests" */;
			buildPhases = (
				36CC69451EBB0F630041ECC8 /* Sources */,
				36CC69461EBB0F630041ECC8 /* Frameworks */,
				36CC69471EBB0F630041ECC8 /* Resources */,
			);
			buildRules = (
			);
			dependencies = (
				36CC694B1EBB0F630041ECC8 /* PBXTargetDependency */,
			);
			name = CategoryUITests;
			productName = CategoryUITests;
			productReference = 36CC69491EBB0F630041ECC8 /* CategoryUITests.xctest */;
			productType = "com.apple.product-type.bundle.ui-testing";
		};
/* End PBXNativeTarget section */

/* Begin PBXProject section */
		36CC691D1EBB0F630041ECC8 /* Project object */ = {
			isa = PBXProject;
			attributes = {
				LastUpgradeCheck = 0830;
				ORGANIZATIONNAME = bj.zly.com;
				TargetAttributes = {
					36CC69241EBB0F630041ECC8 = {
						CreatedOnToolsVersion = 8.3.1;
						ProvisioningStyle = Automatic;
					};
					36CC693D1EBB0F630041ECC8 = {
						CreatedOnToolsVersion = 8.3.1;
						ProvisioningStyle = Automatic;
						TestTargetID = 36CC69241EBB0F630041ECC8;
					};
					36CC69481EBB0F630041ECC8 = {
						CreatedOnToolsVersion = 8.3.1;
						ProvisioningStyle = Automatic;
						TestTargetID = 36CC69241EBB0F630041ECC8;
					};
				};
			};
			buildConfigurationList = 36CC69201EBB0F630041ECC8 /* Build configuration list for PBXProject "Category" */;
			compatibilityVersion = "Xcode 3.2";
			developmentRegion = English;
			hasScannedForEncodings = 0;
			knownRegions = (
				en,
				Base,
			);
			mainGroup = 36CC691C1EBB0F630041ECC8;
			productRefGroup = 36CC69261EBB0F630041ECC8 /* Products */;
			projectDirPath = "";
			projectRoot = "";
			targets = (
				36CC69241EBB0F630041ECC8 /* Category */,
				36CC693D1EBB0F630041ECC8 /* CategoryTests */,
				36CC69481EBB0F630041ECC8 /* CategoryUITests */,
			);
		};
/* End PBXProject section */

/* Begin PBXResourcesBuildPhase section */
		36CC69231EBB0F630041ECC8 /* Resources */ = {
			isa = PBXResourcesBuildPhase;
			buildActionMask = 2147483647;
			files = (
				36CC69381EBB0F630041ECC8 /* LaunchScreen.storyboard in Resources */,
				36CC69351EBB0F630041ECC8 /* Assets.xcassets in Resources */,
				36CC69331EBB0F630041ECC8 /* Main.storyboard in Resources */,
			);
			runOnlyForDeploymentPostprocessing = 0;
		};
		36CC693C1EBB0F630041ECC8 /* Resources */ = {
			isa = PBXResourcesBuildPhase;
			buildActionMask = 2147483647;
			files = (
			);
			runOnlyForDeploymentPostprocessing = 0;
		};
		36CC69471EBB0F630041ECC8 /* Resources */ = {
			isa = PBXResourcesBuildPhase;
			buildActionMask = 2147483647;
			files = (
			);
			runOnlyForDeploymentPostprocessing = 0;
		};
/* End PBXResourcesBuildPhase section */

/* Begin PBXSourcesBuildPhase section */
		36CC69211EBB0F630041ECC8 /* Sources */ = {
			isa = PBXSourcesBuildPhase;
			buildActionMask = 2147483647;
			files = (
				36CC69301EBB0F630041ECC8 /* ViewController.m in Sources */,
				36CC692D1EBB0F630041ECC8 /* AppDelegate.m in Sources */,
				36CC692A1EBB0F630041ECC8 /* main.m in Sources */,
			);
			runOnlyForDeploymentPostprocessing = 0;
		};
		36CC693A1EBB0F630041ECC8 /* Sources */ = {
			isa = PBXSourcesBuildPhase;
			buildActionMask = 2147483647;
			files = (
				36CC69431EBB0F630041ECC8 /* CategoryTests.m in Sources */,
			);
			runOnlyForDeploymentPostprocessing = 0;
		};
		36CC69451EBB0F630041ECC8 /* Sources */ = {
			isa = PBXSourcesBuildPhase;
			buildActionMask = 2147483647;
			files = (
				36CC694E1EBB0F630041ECC8 /* CategoryUITests.m in Sources */,
			);
			runOnlyForDeploymentPostprocessing = 0;
		};
/* End PBXSourcesBuildPhase section */

/* Begin PBXTargetDependency section */
		36CC69401EBB0F630041ECC8 /* PBXTargetDependency */ = {
			isa = PBXTargetDependency;
			target = 36CC69241EBB0F630041ECC8 /* Category */;
			targetProxy = 36CC693F1EBB0F630041ECC8 /* PBXContainerItemProxy */;
		};
		36CC694B1EBB0F630041ECC8 /* PBXTargetDependency */ = {
			isa = PBXTargetDependency;
			target = 36CC69241EBB0F630041ECC8 /* Category */;
			targetProxy = 36CC694A1EBB0F630041ECC8 /* PBXContainerItemProxy */;
		};
/* End PBXTargetDependency section */

/* Begin PBXVariantGroup section */
		36CC69311EBB0F630041ECC8 /* Main.storyboard */ = {
			isa = PBXVariantGroup;
			children = (
				36CC69321EBB0F630041ECC8 /* Base */,
			);
			name = Main.storyboard;
			sourceTree = "<group>";
		};
		36CC69361EBB0F630041ECC8 /* LaunchScreen.storyboard */ = {
			isa = PBXVariantGroup;
			children = (
				36CC69371EBB0F630041ECC8 /* Base */,
			);
			name = LaunchScreen.storyboard;
			sourceTree = "<group>";
		};
/* End PBXVariantGroup section */

/* Begin XCBuildConfiguration section */
		36CC69501EBB0F630041ECC8 /* Debug */ = {
			isa = XCBuildConfiguration;
			buildSettings = {
				ALWAYS_SEARCH_USER_PATHS = NO;
				CLANG_ANALYZER_NONNULL = YES;
				CLANG_ANALYZER_NUMBER_OBJECT_CONVERSION = YES_AGGRESSIVE;
				CLANG_CXX_LANGUAGE_STANDARD = "gnu++0x";
				CLANG_CXX_LIBRARY = "libc++";
				CLANG_ENABLE_MODULES = YES;
				CLANG_ENABLE_OBJC_ARC = YES;
				CLANG_WARN_BOOL_CONVERSION = YES;
				CLANG_WARN_CONSTANT_CONVERSION = YES;
				CLANG_WARN_DIRECT_OBJC_ISA_USAGE = YES_ERROR;
				CLANG_WARN_DOCUMENTATION_COMMENTS = YES;
				CLANG_WARN_EMPTY_BODY = YES;
				CLANG_WARN_ENUM_CONVERSION = YES;
				CLANG_WARN_INFINITE_RECURSION = YES;
				CLANG_WARN_INT_CONVERSION = YES;
				CLANG_WARN_OBJC_ROOT_CLASS = YES_ERROR;
				CLANG_WARN_SUSPICIOUS_MOVE = YES;
				CLANG_WARN_UNREACHABLE_CODE = YES;
				CLANG_WARN__DUPLICATE_METHOD_MATCH = YES;
				"CODE_SIGN_IDENTITY[sdk=iphoneos*]" = "iPhone Developer";
				COPY_PHASE_STRIP = NO;
				DEBUG_INFORMATION_FORMAT = dwarf;
				ENABLE_STRICT_OBJC_MSGSEND = YES;
				ENABLE_TESTABILITY = YES;
				GCC_C_LANGUAGE_STANDARD = gnu99;
				GCC_DYNAMIC_NO_PIC = NO;
				GCC_NO_COMMON_BLOCKS = YES;
				GCC_OPTIMIZATION_LEVEL = 0;
				GCC_PREPROCESSOR_DEFINITIONS = (
					"DEBUG=1",
					"$(inherited)",
				);
				GCC_WARN_64_TO_32_BIT_CONVERSION = YES;
				GCC_WARN_ABOUT_RETURN_TYPE = YES_ERROR;
				GCC_WARN_UNDECLARED_SELECTOR = YES;
				GCC_WARN_UNINITIALIZED_AUTOS = YES_AGGRESSIVE;
				GCC_WARN_UNUSED_FUNCTION = YES;
				GCC_WARN_UNUSED_VARIABLE = YES;
				IPHONEOS_DEPLOYMENT_TARGET = 10.3;
				MTL_ENABLE_DEBUG_INFO = YES;
				ONLY_ACTIVE_ARCH = YES;
				SDKROOT = iphoneos;
			};
			name = Debug;
		};
		36CC69511EBB0F630041ECC8 /* Release */ = {
			isa = XCBuildConfiguration;
			buildSettings = {
				ALWAYS_SEARCH_USER_PATHS = NO;
				CLANG_ANALYZER_NONNULL = YES;
				CLANG_ANALYZER_NUMBER_OBJECT_CONVERSION = YES_AGGRESSIVE;
				CLANG_CXX_LANGUAGE_STANDARD = "gnu++0x";
				CLANG_CXX_LIBRARY = "libc++";
				CLANG_ENABLE_MODULES = YES;
				CLANG_ENABLE_OBJC_ARC = YES;
				CLANG_WARN_BOOL_CONVERSION = YES;
				CLANG_WARN_CONSTANT_CONVERSION = YES;
				CLANG_WARN_DIRECT_OBJC_ISA_USAGE = YES_ERROR;
				CLANG_WARN_DOCUMENTATION_COMMENTS = YES;
				CLANG_WARN_EMPTY_BODY = YES;
				CLANG_WARN_ENUM_CONVERSION = YES;
				CLANG_WARN_INFINITE_RECURSION = YES;
				CLANG_WARN_INT_CONVERSION = YES;
				CLANG_WARN_OBJC_ROOT_CLASS = YES_ERROR;
				CLANG_WARN_SUSPICIOUS_MOVE = YES;
				CLANG_WARN_UNREACHABLE_CODE = YES;
				CLANG_WARN__DUPLICATE_METHOD_MATCH = YES;
				"CODE_SIGN_IDENTITY[sdk=iphoneos*]" = "iPhone Developer";
				COPY_PHASE_STRIP = NO;
				DEBUG_INFORMATION_FORMAT = "dwarf-with-dsym";
				ENABLE_NS_ASSERTIONS = NO;
				ENABLE_STRICT_OBJC_MSGSEND = YES;
				GCC_C_LANGUAGE_STANDARD = gnu99;
				GCC_NO_COMMON_BLOCKS = YES;
				GCC_WARN_64_TO_32_BIT_CONVERSION = YES;
				GCC_WARN_ABOUT_RETURN_TYPE = YES_ERROR;
				GCC_WARN_UNDECLARED_SELECTOR = YES;
				GCC_WARN_UNINITIALIZED_AUTOS = YES_AGGRESSIVE;
				GCC_WARN_UNUSED_FUNCTION = YES;
				GCC_WARN_UNUSED_VARIABLE = YES;
				IPHONEOS_DEPLOYMENT_TARGET = 10.3;
				MTL_ENABLE_DEBUG_INFO = NO;
				SDKROOT = iphoneos;
				VALIDATE_PRODUCT = YES;
			};
			name = Release;
		};
		36CC69531EBB0F630041ECC8 /* Debug */ = {
			isa = XCBuildConfiguration;
			buildSettings = {
				ASSETCATALOG_COMPILER_APPICON_NAME = AppIcon;
				INFOPLIST_FILE = Category/Info.plist;
				LD_RUNPATH_SEARCH_PATHS = "$(inherited) @executable_path/Frameworks";
				PRODUCT_BUNDLE_IDENTIFIER = com.zly.Category;
				PRODUCT_NAME = "$(TARGET_NAME)";
			};
			name = Debug;
		};
		36CC69541EBB0F630041ECC8 /* Release */ = {
			isa = XCBuildConfiguration;
			buildSettings = {
				ASSETCATALOG_COMPILER_APPICON_NAME = AppIcon;
				INFOPLIST_FILE = Category/Info.plist;
				LD_RUNPATH_SEARCH_PATHS = "$(inherited) @executable_path/Frameworks";
				PRODUCT_BUNDLE_IDENTIFIER = com.zly.Category;
				PRODUCT_NAME = "$(TARGET_NAME)";
			};
			name = Release;
		};
		36CC69561EBB0F630041ECC8 /* Debug */ = {
			isa = XCBuildConfiguration;
			buildSettings = {
				BUNDLE_LOADER = "$(TEST_HOST)";
				INFOPLIST_FILE = CategoryTests/Info.plist;
				LD_RUNPATH_SEARCH_PATHS = "$(inherited) @executable_path/Frameworks @loader_path/Frameworks";
				PRODUCT_BUNDLE_IDENTIFIER = com.zly.CategoryTests;
				PRODUCT_NAME = "$(TARGET_NAME)";
				TEST_HOST = "$(BUILT_PRODUCTS_DIR)/Category.app/Category";
			};
			name = Debug;
		};
		36CC69571EBB0F630041ECC8 /* Release */ = {
			isa = XCBuildConfiguration;
			buildSettings = {
				BUNDLE_LOADER = "$(TEST_HOST)";
				INFOPLIST_FILE = CategoryTests/Info.plist;
				LD_RUNPATH_SEARCH_PATHS = "$(inherited) @executable_path/Frameworks @loader_path/Frameworks";
				PRODUCT_BUNDLE_IDENTIFIER = com.zly.CategoryTests;
				PRODUCT_NAME = "$(TARGET_NAME)";
				TEST_HOST = "$(BUILT_PRODUCTS_DIR)/Category.app/Category";
			};
			name = Release;
		};
		36CC69591EBB0F630041ECC8 /* Debug */ = {
			isa = XCBuildConfiguration;
			buildSettings = {
				INFOPLIST_FILE = CategoryUITests/Info.plist;
				LD_RUNPATH_SEARCH_PATHS = "$(inherited) @executable_path/Frameworks @loader_path/Frameworks";
				PRODUCT_BUNDLE_IDENTIFIER = com.zly.CategoryUITests;
				PRODUCT_NAME = "$(TARGET_NAME)";
				TEST_TARGET_NAME = Category;
			};
			name = Debug;
		};
		36CC695A1EBB0F630041ECC8 /* Release */ = {
			isa = XCBuildConfiguration;
			buildSettings = {
				INFOPLIST_FILE = CategoryUITests/Info.plist;
				LD_RUNPATH_SEARCH_PATHS = "$(inherited) @executable_path/Frameworks @loader_path/Frameworks";
				PRODUCT_BUNDLE_IDENTIFIER = com.zly.CategoryUITests;
				PRODUCT_NAME = "$(TARGET_NAME)";
				TEST_TARGET_NAME = Category;
			};
			name = Release;
		};
/* End XCBuildConfiguration section */

/* Begin XCConfigurationList section */
		36CC69201EBB0F630041ECC8 /* Build configuration list for PBXProject "Category" */ = {
			isa = XCConfigurationList;
			buildConfigurations = (
				36CC69501EBB0F630041ECC8 /* Debug */,
				36CC69511EBB0F630041ECC8 /* Release */,
			);
			defaultConfigurationIsVisible = 0;
			defaultConfigurationName = Release;
		};
		36CC69521EBB0F630041ECC8 /* Build configuration list for PBXNativeTarget "Category" */ = {
			isa = XCConfigurationList;
			buildConfigurations = (
				36CC69531EBB0F630041ECC8 /* Debug */,
				36CC69541EBB0F630041ECC8 /* Release */,
			);
			defaultConfigurationIsVisible = 0;
		};
		36CC69551EBB0F630041ECC8 /* Build configuration list for PBXNativeTarget "CategoryTests" */ = {
			isa = XCConfigurationList;
			buildConfigurations = (
				36CC69561EBB0F630041ECC8 /* Debug */,
				36CC69571EBB0F630041ECC8 /* Release */,
			);
			defaultConfigurationIsVisible = 0;
		};
		36CC69581EBB0F630041ECC8 /* Build configuration list for PBXNativeTarget "CategoryUITests" */ = {
			isa = XCConfigurationList;
			buildConfigurations = (
				36CC69591EBB0F630041ECC8 /* Debug */,
				36CC695A1EBB0F630041ECC8 /* Release */,
			);
			defaultConfigurationIsVisible = 0;
		};
/* End XCConfigurationList section */
	};
	rootObject = 36CC691D1EBB0F630041ECC8 /* Project object */;
}
